
Microsoft Visual Studio Solution File, Format Version 12.00
# Visual Studio Version 17
VisualStudioVersion = 17.14.36203.30 d17.14
MinimumVisualStudioVersion = 10.0.40219.1
Project("{FAE04EC0-301F-11D3-BF4B-00C04F79EFBC}") = "DomainDrivenDesign.Domain", "DomainDrivenDesign.Domain\DomainDrivenDesign.Domain.csproj", "{EB1B030B-FDED-4537-BC7F-D8705950A658}"
EndProject
Project("{FAE04EC0-301F-11D3-BF4B-00C04F79EFBC}") = "DomainDrivenDesign.ConsoleApp", "DomainDrivenDesign.ConsoleApp\DomainDrivenDesign.ConsoleApp.csproj", "{05ECC4CC-2357-4BA6-8C9A-F461EAE44A2E}"
EndProject
Global
	GlobalSection(SolutionConfigurationPlatforms) = preSolution
		Debug|Any CPU = Debug|Any CPU
		Release|Any CPU = Release|Any CPU
	EndGlobalSection
	GlobalSection(ProjectConfigurationPlatforms) = postSolution
		{EB1B030B-FDED-4537-BC7F-D8705950A658}.Debug|Any CPU.ActiveCfg = Debug|Any CPU
		{EB1B030B-FDED-4537-BC7F-D8705950A658}.Debug|Any CPU.Build.0 = Debug|Any CPU
		{EB1B030B-FDED-4537-BC7F-D8705950A658}.Release|Any CPU.ActiveCfg = Release|Any CPU
		{EB1B030B-FDED-4537-BC7F-D8705950A658}.Release|Any CPU.Build.0 = Release|Any CPU
		{05ECC4CC-2357-4BA6-8C9A-F461EAE44A2E}.Debug|Any CPU.ActiveCfg = Debug|Any CPU
		{05ECC4CC-2357-4BA6-8C9A-F461EAE44A2E}.Debug|Any CPU.Build.0 = Debug|Any CPU
		{05ECC4CC-2357-4BA6-8C9A-F461EAE44A2E}.Release|Any CPU.ActiveCfg = Release|Any CPU
		{05ECC4CC-2357-4BA6-8C9A-F461EAE44A2E}.Release|Any CPU.Build.0 = Release|Any CPU
	EndGlobalSection
	GlobalSection(SolutionProperties) = preSolution
		HideSolutionNode = FALSE
	EndGlobalSection
	GlobalSection(ExtensibilityGlobals) = postSolution
		SolutionGuid = {262316A6-14A0-46AB-8E78-3851053B3365}
	EndGlobalSection
EndGlobal
